{
    "version": 3,
    "terraform_version": "0.11.10",
    "serial": 2,
    "lineage": "1c49c636-f266-1d4d-4610-3b7ae1f69e40",
    "modules": [
        {
            "path": [
                "root"
            ],
            "outputs": {},
            "resources": {
                "aws_db_subnet_group.default": {
                    "type": "aws_db_subnet_group",
                    "depends_on": [
                        "aws_subnet.private_subnet.*"
                    ],
                    "primary": {
                        "id": "main",
                        "attributes": {
                            "arn": "arn:aws:rds:us-east-1:418805593611:subgrp:main",
                            "description": "Managed by Terraform",
                            "id": "main",
                            "name": "main",
                            "subnet_ids.#": "2",
                            "subnet_ids.2662069239": "subnet-0ae39b0d5a07108f7",
                            "subnet_ids.809715011": "subnet-0f316b50b8cf28c4b",
                            "tags.%": "1",
                            "tags.Name": "My DB subnet group"
                        },
                        "meta": {},
                        "tainted": false
                    },
                    "deposed": [],
                    "provider": "provider.aws"
                },
                "aws_eip.nat": {
                    "type": "aws_eip",
                    "depends_on": [],
                    "primary": {
                        "id": "eipalloc-0b5261378e8098bec",
                        "attributes": {
                            "association_id": "",
                            "domain": "vpc",
                            "id": "eipalloc-0b5261378e8098bec",
                            "instance": "",
                            "network_interface": "",
                            "private_ip": "",
                            "public_ip": "54.158.193.201",
                            "tags.%": "0",
                            "vpc": "true"
                        },
                        "meta": {
                            "e2bfb730-ecaa-11e6-8f88-34363bc7c4c0": {
                                "delete": 180000000000,
                                "read": 900000000000,
                                "update": 300000000000
                            }
                        },
                        "tainted": false
                    },
                    "deposed": [],
                    "provider": "provider.aws"
                },
                "aws_elb.web-elb": {
                    "type": "aws_elb",
                    "depends_on": [
                        "aws_security_group.websg",
                        "aws_subnet.public_subnet.*"
                    ],
                    "primary": {
                        "id": "terraform-example-elb",
                        "attributes": {
                            "access_logs.#": "0",
                            "arn": "arn:aws:elasticloadbalancing:us-east-1:418805593611:loadbalancer/terraform-example-elb",
                            "availability_zones.#": "2",
                            "availability_zones.1305112097": "us-east-1b",
                            "availability_zones.3569565595": "us-east-1a",
                            "connection_draining": "false",
                            "connection_draining_timeout": "300",
                            "cross_zone_load_balancing": "true",
                            "dns_name": "terraform-example-elb-3025847.us-east-1.elb.amazonaws.com",
                            "health_check.#": "1",
                            "health_check.0.healthy_threshold": "2",
                            "health_check.0.interval": "10",
                            "health_check.0.target": "TCP:80",
                            "health_check.0.timeout": "3",
                            "health_check.0.unhealthy_threshold": "2",
                            "id": "terraform-example-elb",
                            "idle_timeout": "60",
                            "instances.#": "0",
                            "internal": "false",
                            "listener.#": "1",
                            "listener.3057123346.instance_port": "80",
                            "listener.3057123346.instance_protocol": "http",
                            "listener.3057123346.lb_port": "80",
                            "listener.3057123346.lb_protocol": "http",
                            "listener.3057123346.ssl_certificate_id": "",
                            "name": "terraform-example-elb",
                            "security_groups.#": "1",
                            "security_groups.532478800": "sg-0e36601d9fe47d39c",
                            "source_security_group": "418805593611/vpc_web",
                            "source_security_group_id": "sg-0e36601d9fe47d39c",
                            "subnets.#": "2",
                            "subnets.2070786212": "subnet-09824082a6f3ef9a5",
                            "subnets.3239366518": "subnet-0e60177c759f23ddd",
                            "tags.%": "1",
                            "tags.Name": "Classic ELB",
                            "zone_id": "Z35SXDOTRQ7X7K"
                        },
                        "meta": {},
                        "tainted": false
                    },
                    "deposed": [],
                    "provider": "provider.aws"
                },
                "aws_instance.application_server": {
                    "type": "aws_instance",
                    "depends_on": [
                        "aws_security_group.appsg",
                        "aws_subnet.private_subnet.*"
                    ],
                    "primary": {
                        "id": "i-0a0ff6069b25a6935",
                        "attributes": {
                            "ami": "ami-0922553b7b0369273",
                            "arn": "arn:aws:ec2:us-east-1:418805593611:instance/i-0a0ff6069b25a6935",
                            "associate_public_ip_address": "false",
                            "availability_zone": "us-east-1c",
                            "cpu_core_count": "1",
                            "cpu_threads_per_core": "1",
                            "credit_specification.#": "1",
                            "credit_specification.0.cpu_credits": "standard",
                            "disable_api_termination": "false",
                            "ebs_block_device.#": "0",
                            "ebs_optimized": "false",
                            "ephemeral_block_device.#": "0",
                            "get_password_data": "false",
                            "iam_instance_profile": "",
                            "id": "i-0a0ff6069b25a6935",
                            "instance_state": "running",
                            "instance_type": "t2.micro",
                            "ipv6_addresses.#": "0",
                            "key_name": "aws",
                            "monitoring": "false",
                            "network_interface.#": "0",
                            "network_interface_id": "eni-0366a454038c5c2c5",
                            "password_data": "",
                            "placement_group": "",
                            "primary_network_interface_id": "eni-0366a454038c5c2c5",
                            "private_dns": "ip-10-0-3-189.ec2.internal",
                            "private_ip": "10.0.3.189",
                            "public_dns": "",
                            "public_ip": "",
                            "root_block_device.#": "1",
                            "root_block_device.0.delete_on_termination": "true",
                            "root_block_device.0.iops": "100",
                            "root_block_device.0.volume_id": "vol-06a211f7640be4cf3",
                            "root_block_device.0.volume_size": "8",
                            "root_block_device.0.volume_type": "gp2",
                            "security_groups.#": "0",
                            "source_dest_check": "true",
                            "subnet_id": "subnet-0ae39b0d5a07108f7",
                            "tags.%": "1",
                            "tags.Name": "Application Server",
                            "tenancy": "default",
                            "volume_tags.%": "0",
                            "vpc_security_group_ids.#": "1",
                            "vpc_security_group_ids.3729410994": "sg-0abc794bbda56e452"
                        },
                        "meta": {
                            "e2bfb730-ecaa-11e6-8f88-34363bc7c4c0": {
                                "create": 600000000000,
                                "delete": 1200000000000,
                                "update": 600000000000
                            },
                            "schema_version": "1"
                        },
                        "tainted": false
                    },
                    "deposed": [],
                    "provider": "provider.aws"
                },
                "aws_internet_gateway.ig": {
                    "type": "aws_internet_gateway",
                    "depends_on": [
                        "aws_vpc.vpc"
                    ],
                    "primary": {
                        "id": "igw-0b42cadbdd04b7b3b",
                        "attributes": {
                            "id": "igw-0b42cadbdd04b7b3b",
                            "tags.%": "1",
                            "tags.Name": "CustomIG",
                            "vpc_id": "vpc-0fbedc65175101f6f"
                        },
                        "meta": {},
                        "tainted": false
                    },
                    "deposed": [],
                    "provider": "provider.aws"
                },
                "aws_key_pair.deployer": {
                    "type": "aws_key_pair",
                    "depends_on": [],
                    "primary": {
                        "id": "aws",
                        "attributes": {
                            "fingerprint": "ea:20:1f:5b:1c:6d:c8:eb:bf:d2:8f:46:98:99:05:c6",
                            "id": "aws",
                            "key_name": "aws",
                            "public_key": "ssh-rsa AAAAB3NzaC1yc2EAAAABJQAAAQEAkf+pwZcvzi8w+qDmsmFDa4OvQxBjllV/epewL+ejrBLp43LCpKDj7UIIgkXtfVgQSDGhUjtH45ZQiaqWwvlWthMxUySTCp/rb+fE9s6sNiiXM1+2pmDSMiovtR2HGPmMLqWcLB8tI9stjTUudQDQTzCjRBOqrgve+BkGix7HmDc5MiSRzgLpii2uGCz4KNyzrF+QXBWW2MOgSz58og5qBfMWiXyAfRFdm9TXQg6mF9jZHWZ4GSzBTcZrlH3KJHQl9KKxzOm/qPVWkjJjmiAsrW3wRhiNRLt15SBXjPQS7HrI6cq0xdRj8iJJKlHF67GTQHmkcVEsIWeQNGtuYC53BQ== rsa-key-20181105"
                        },
                        "meta": {
                            "schema_version": "1"
                        },
                        "tainted": false
                    },
                    "deposed": [],
                    "provider": "provider.aws"
                },
                "aws_launch_configuration.web-lc": {
                    "type": "aws_launch_configuration",
                    "depends_on": [
                        "aws_security_group.websg"
                    ],
                    "primary": {
                        "id": "launch-config-terraform",
                        "attributes": {
                            "associate_public_ip_address": "false",
                            "ebs_block_device.#": "0",
                            "ebs_optimized": "false",
                            "enable_monitoring": "true",
                            "ephemeral_block_device.#": "0",
                            "iam_instance_profile": "",
                            "id": "launch-config-terraform",
                            "image_id": "ami-0922553b7b0369273",
                            "instance_type": "t2.micro",
                            "key_name": "aws",
                            "name": "launch-config-terraform",
                            "root_block_device.#": "0",
                            "security_groups.#": "1",
                            "security_groups.532478800": "sg-0e36601d9fe47d39c",
                            "spot_price": "",
                            "user_data": "0d5e49189ca283904c8afdf75e682c6a45fb554a",
                            "vpc_classic_link_id": "",
                            "vpc_classic_link_security_groups.#": "0"
                        },
                        "meta": {},
                        "tainted": false
                    },
                    "deposed": [],
                    "provider": "provider.aws"
                },
                "aws_route_table.rt": {
                    "type": "aws_route_table",
                    "depends_on": [
                        "aws_internet_gateway.ig",
                        "aws_vpc.vpc"
                    ],
                    "primary": {
                        "id": "rtb-0630882741ef99c9e",
                        "attributes": {
                            "id": "rtb-0630882741ef99c9e",
                            "propagating_vgws.#": "0",
                            "route.#": "1",
                            "route.2157303154.cidr_block": "0.0.0.0/0",
                            "route.2157303154.egress_only_gateway_id": "",
                            "route.2157303154.gateway_id": "igw-0b42cadbdd04b7b3b",
                            "route.2157303154.instance_id": "",
                            "route.2157303154.ipv6_cidr_block": "",
                            "route.2157303154.nat_gateway_id": "",
                            "route.2157303154.network_interface_id": "",
                            "route.2157303154.vpc_peering_connection_id": "",
                            "tags.%": "1",
                            "tags.Name": "Public Route Table",
                            "vpc_id": "vpc-0fbedc65175101f6f"
                        },
                        "meta": {},
                        "tainted": false
                    },
                    "deposed": [],
                    "provider": "provider.aws"
                },
                "aws_route_table_association.rta.0": {
                    "type": "aws_route_table_association",
                    "depends_on": [
                        "aws_route_table.rt",
                        "aws_subnet.public_subnet.*"
                    ],
                    "primary": {
                        "id": "rtbassoc-0d29b423454b6cfe8",
                        "attributes": {
                            "id": "rtbassoc-0d29b423454b6cfe8",
                            "route_table_id": "rtb-0630882741ef99c9e",
                            "subnet_id": "subnet-09824082a6f3ef9a5"
                        },
                        "meta": {},
                        "tainted": false
                    },
                    "deposed": [],
                    "provider": "provider.aws"
                },
                "aws_route_table_association.rta.1": {
                    "type": "aws_route_table_association",
                    "depends_on": [
                        "aws_route_table.rt",
                        "aws_subnet.public_subnet.*"
                    ],
                    "primary": {
                        "id": "rtbassoc-028b58a9e829735b2",
                        "attributes": {
                            "id": "rtbassoc-028b58a9e829735b2",
                            "route_table_id": "rtb-0630882741ef99c9e",
                            "subnet_id": "subnet-0e60177c759f23ddd"
                        },
                        "meta": {},
                        "tainted": false
                    },
                    "deposed": [],
                    "provider": "provider.aws"
                },
                "aws_security_group.appsg": {
                    "type": "aws_security_group",
                    "depends_on": [
                        "aws_vpc.vpc"
                    ],
                    "primary": {
                        "id": "sg-0abc794bbda56e452",
                        "attributes": {
                            "arn": "arn:aws:ec2:us-east-1:418805593611:security-group/sg-0abc794bbda56e452",
                            "description": "Managed by Terraform",
                            "egress.#": "1",
                            "egress.482069346.cidr_blocks.#": "1",
                            "egress.482069346.cidr_blocks.0": "0.0.0.0/0",
                            "egress.482069346.description": "",
                            "egress.482069346.from_port": "0",
                            "egress.482069346.ipv6_cidr_blocks.#": "0",
                            "egress.482069346.prefix_list_ids.#": "0",
                            "egress.482069346.protocol": "-1",
                            "egress.482069346.security_groups.#": "0",
                            "egress.482069346.self": "false",
                            "egress.482069346.to_port": "0",
                            "id": "sg-0abc794bbda56e452",
                            "ingress.#": "2",
                            "ingress.328517242.cidr_blocks.#": "2",
                            "ingress.328517242.cidr_blocks.0": "10.0.1.0/24",
                            "ingress.328517242.cidr_blocks.1": "10.0.2.0/24",
                            "ingress.328517242.description": "",
                            "ingress.328517242.from_port": "22",
                            "ingress.328517242.ipv6_cidr_blocks.#": "0",
                            "ingress.328517242.prefix_list_ids.#": "0",
                            "ingress.328517242.protocol": "tcp",
                            "ingress.328517242.security_groups.#": "0",
                            "ingress.328517242.self": "false",
                            "ingress.328517242.to_port": "22",
                            "ingress.3879947454.cidr_blocks.#": "2",
                            "ingress.3879947454.cidr_blocks.0": "10.0.1.0/24",
                            "ingress.3879947454.cidr_blocks.1": "10.0.2.0/24",
                            "ingress.3879947454.description": "",
                            "ingress.3879947454.from_port": "3306",
                            "ingress.3879947454.ipv6_cidr_blocks.#": "0",
                            "ingress.3879947454.prefix_list_ids.#": "0",
                            "ingress.3879947454.protocol": "tcp",
                            "ingress.3879947454.security_groups.#": "0",
                            "ingress.3879947454.self": "false",
                            "ingress.3879947454.to_port": "3306",
                            "name": "application security group",
                            "owner_id": "418805593611",
                            "revoke_rules_on_delete": "false",
                            "tags.%": "1",
                            "tags.Name": "Application SG",
                            "vpc_id": "vpc-0fbedc65175101f6f"
                        },
                        "meta": {
                            "e2bfb730-ecaa-11e6-8f88-34363bc7c4c0": {
                                "create": 600000000000,
                                "delete": 600000000000
                            },
                            "schema_version": "1"
                        },
                        "tainted": false
                    },
                    "deposed": [],
                    "provider": "provider.aws"
                },
                "aws_security_group.mydb1": {
                    "type": "aws_security_group",
                    "depends_on": [
                        "aws_vpc.vpc"
                    ],
                    "primary": {
                        "id": "sg-044c2848165edf8bf",
                        "attributes": {
                            "arn": "arn:aws:ec2:us-east-1:418805593611:security-group/sg-044c2848165edf8bf",
                            "description": "RDS MySQL servers (terraform-managed)",
                            "egress.#": "1",
                            "egress.482069346.cidr_blocks.#": "1",
                            "egress.482069346.cidr_blocks.0": "0.0.0.0/0",
                            "egress.482069346.description": "",
                            "egress.482069346.from_port": "0",
                            "egress.482069346.ipv6_cidr_blocks.#": "0",
                            "egress.482069346.prefix_list_ids.#": "0",
                            "egress.482069346.protocol": "-1",
                            "egress.482069346.security_groups.#": "0",
                            "egress.482069346.self": "false",
                            "egress.482069346.to_port": "0",
                            "id": "sg-044c2848165edf8bf",
                            "ingress.#": "1",
                            "ingress.4029120373.cidr_blocks.#": "2",
                            "ingress.4029120373.cidr_blocks.0": "10.0.3.0/24",
                            "ingress.4029120373.cidr_blocks.1": "10.0.4.0/24",
                            "ingress.4029120373.description": "",
                            "ingress.4029120373.from_port": "3306",
                            "ingress.4029120373.ipv6_cidr_blocks.#": "0",
                            "ingress.4029120373.prefix_list_ids.#": "0",
                            "ingress.4029120373.protocol": "tcp",
                            "ingress.4029120373.security_groups.#": "0",
                            "ingress.4029120373.self": "false",
                            "ingress.4029120373.to_port": "3306",
                            "name": "mydb1",
                            "owner_id": "418805593611",
                            "revoke_rules_on_delete": "false",
                            "tags.%": "1",
                            "tags.Name": "Database Sg",
                            "vpc_id": "vpc-0fbedc65175101f6f"
                        },
                        "meta": {
                            "e2bfb730-ecaa-11e6-8f88-34363bc7c4c0": {
                                "create": 600000000000,
                                "delete": 600000000000
                            },
                            "schema_version": "1"
                        },
                        "tainted": false
                    },
                    "deposed": [],
                    "provider": "provider.aws"
                },
                "aws_security_group.websg": {
                    "type": "aws_security_group",
                    "depends_on": [
                        "aws_vpc.vpc"
                    ],
                    "primary": {
                        "id": "sg-0e36601d9fe47d39c",
                        "attributes": {
                            "arn": "arn:aws:ec2:us-east-1:418805593611:security-group/sg-0e36601d9fe47d39c",
                            "description": "Allow incoming HTTP connections.",
                            "egress.#": "1",
                            "egress.482069346.cidr_blocks.#": "1",
                            "egress.482069346.cidr_blocks.0": "0.0.0.0/0",
                            "egress.482069346.description": "",
                            "egress.482069346.from_port": "0",
                            "egress.482069346.ipv6_cidr_blocks.#": "0",
                            "egress.482069346.prefix_list_ids.#": "0",
                            "egress.482069346.protocol": "-1",
                            "egress.482069346.security_groups.#": "0",
                            "egress.482069346.self": "false",
                            "egress.482069346.to_port": "0",
                            "id": "sg-0e36601d9fe47d39c",
                            "ingress.#": "4",
                            "ingress.1799340084.cidr_blocks.#": "1",
                            "ingress.1799340084.cidr_blocks.0": "0.0.0.0/0",
                            "ingress.1799340084.description": "",
                            "ingress.1799340084.from_port": "-1",
                            "ingress.1799340084.ipv6_cidr_blocks.#": "0",
                            "ingress.1799340084.prefix_list_ids.#": "0",
                            "ingress.1799340084.protocol": "icmp",
                            "ingress.1799340084.security_groups.#": "0",
                            "ingress.1799340084.self": "false",
                            "ingress.1799340084.to_port": "-1",
                            "ingress.2214680975.cidr_blocks.#": "1",
                            "ingress.2214680975.cidr_blocks.0": "0.0.0.0/0",
                            "ingress.2214680975.description": "",
                            "ingress.2214680975.from_port": "80",
                            "ingress.2214680975.ipv6_cidr_blocks.#": "0",
                            "ingress.2214680975.prefix_list_ids.#": "0",
                            "ingress.2214680975.protocol": "tcp",
                            "ingress.2214680975.security_groups.#": "0",
                            "ingress.2214680975.self": "false",
                            "ingress.2214680975.to_port": "80",
                            "ingress.2541437006.cidr_blocks.#": "1",
                            "ingress.2541437006.cidr_blocks.0": "0.0.0.0/0",
                            "ingress.2541437006.description": "",
                            "ingress.2541437006.from_port": "22",
                            "ingress.2541437006.ipv6_cidr_blocks.#": "0",
                            "ingress.2541437006.prefix_list_ids.#": "0",
                            "ingress.2541437006.protocol": "tcp",
                            "ingress.2541437006.security_groups.#": "0",
                            "ingress.2541437006.self": "false",
                            "ingress.2541437006.to_port": "22",
                            "ingress.2617001939.cidr_blocks.#": "1",
                            "ingress.2617001939.cidr_blocks.0": "0.0.0.0/0",
                            "ingress.2617001939.description": "",
                            "ingress.2617001939.from_port": "443",
                            "ingress.2617001939.ipv6_cidr_blocks.#": "0",
                            "ingress.2617001939.prefix_list_ids.#": "0",
                            "ingress.2617001939.protocol": "tcp",
                            "ingress.2617001939.security_groups.#": "0",
                            "ingress.2617001939.self": "false",
                            "ingress.2617001939.to_port": "443",
                            "name": "vpc_web",
                            "owner_id": "418805593611",
                            "revoke_rules_on_delete": "false",
                            "tags.%": "1",
                            "tags.Name": "WebServer SG",
                            "vpc_id": "vpc-0fbedc65175101f6f"
                        },
                        "meta": {
                            "e2bfb730-ecaa-11e6-8f88-34363bc7c4c0": {
                                "create": 600000000000,
                                "delete": 600000000000
                            },
                            "schema_version": "1"
                        },
                        "tainted": false
                    },
                    "deposed": [],
                    "provider": "provider.aws"
                },
                "aws_subnet.private_subnet.0": {
                    "type": "aws_subnet",
                    "depends_on": [
                        "aws_vpc.vpc"
                    ],
                    "primary": {
                        "id": "subnet-0ae39b0d5a07108f7",
                        "attributes": {
                            "arn": "arn:aws:ec2:us-east-1:418805593611:subnet/subnet-0ae39b0d5a07108f7",
                            "assign_ipv6_address_on_creation": "false",
                            "availability_zone": "us-east-1c",
                            "cidr_block": "10.0.3.0/24",
                            "id": "subnet-0ae39b0d5a07108f7",
                            "map_public_ip_on_launch": "false",
                            "tags.%": "1",
                            "tags.Name": "Private Subnet-1",
                            "vpc_id": "vpc-0fbedc65175101f6f"
                        },
                        "meta": {
                            "e2bfb730-ecaa-11e6-8f88-34363bc7c4c0": {
                                "create": 600000000000,
                                "delete": 600000000000
                            },
                            "schema_version": "1"
                        },
                        "tainted": false
                    },
                    "deposed": [],
                    "provider": "provider.aws"
                },
                "aws_subnet.private_subnet.1": {
                    "type": "aws_subnet",
                    "depends_on": [
                        "aws_vpc.vpc"
                    ],
                    "primary": {
                        "id": "subnet-0f316b50b8cf28c4b",
                        "attributes": {
                            "arn": "arn:aws:ec2:us-east-1:418805593611:subnet/subnet-0f316b50b8cf28c4b",
                            "assign_ipv6_address_on_creation": "false",
                            "availability_zone": "us-east-1d",
                            "cidr_block": "10.0.4.0/24",
                            "id": "subnet-0f316b50b8cf28c4b",
                            "map_public_ip_on_launch": "false",
                            "tags.%": "1",
                            "tags.Name": "Private Subnet-2",
                            "vpc_id": "vpc-0fbedc65175101f6f"
                        },
                        "meta": {
                            "e2bfb730-ecaa-11e6-8f88-34363bc7c4c0": {
                                "create": 600000000000,
                                "delete": 600000000000
                            },
                            "schema_version": "1"
                        },
                        "tainted": false
                    },
                    "deposed": [],
                    "provider": "provider.aws"
                },
                "aws_subnet.public_subnet.0": {
                    "type": "aws_subnet",
                    "depends_on": [
                        "aws_vpc.vpc"
                    ],
                    "primary": {
                        "id": "subnet-09824082a6f3ef9a5",
                        "attributes": {
                            "arn": "arn:aws:ec2:us-east-1:418805593611:subnet/subnet-09824082a6f3ef9a5",
                            "assign_ipv6_address_on_creation": "false",
                            "availability_zone": "us-east-1a",
                            "cidr_block": "10.0.1.0/24",
                            "id": "subnet-09824082a6f3ef9a5",
                            "map_public_ip_on_launch": "true",
                            "tags.%": "1",
                            "tags.Name": "Public Subnet-1",
                            "vpc_id": "vpc-0fbedc65175101f6f"
                        },
                        "meta": {
                            "e2bfb730-ecaa-11e6-8f88-34363bc7c4c0": {
                                "create": 600000000000,
                                "delete": 600000000000
                            },
                            "schema_version": "1"
                        },
                        "tainted": false
                    },
                    "deposed": [],
                    "provider": "provider.aws"
                },
                "aws_subnet.public_subnet.1": {
                    "type": "aws_subnet",
                    "depends_on": [
                        "aws_vpc.vpc"
                    ],
                    "primary": {
                        "id": "subnet-0e60177c759f23ddd",
                        "attributes": {
                            "arn": "arn:aws:ec2:us-east-1:418805593611:subnet/subnet-0e60177c759f23ddd",
                            "assign_ipv6_address_on_creation": "false",
                            "availability_zone": "us-east-1b",
                            "cidr_block": "10.0.2.0/24",
                            "id": "subnet-0e60177c759f23ddd",
                            "map_public_ip_on_launch": "true",
                            "tags.%": "1",
                            "tags.Name": "Public Subnet-2",
                            "vpc_id": "vpc-0fbedc65175101f6f"
                        },
                        "meta": {
                            "e2bfb730-ecaa-11e6-8f88-34363bc7c4c0": {
                                "create": 600000000000,
                                "delete": 600000000000
                            },
                            "schema_version": "1"
                        },
                        "tainted": false
                    },
                    "deposed": [],
                    "provider": "provider.aws"
                },
                "aws_vpc.vpc": {
                    "type": "aws_vpc",
                    "depends_on": [],
                    "primary": {
                        "id": "vpc-0fbedc65175101f6f",
                        "attributes": {
                            "arn": "arn:aws:ec2:us-east-1:418805593611:vpc/vpc-0fbedc65175101f6f",
                            "assign_generated_ipv6_cidr_block": "false",
                            "cidr_block": "10.0.0.0/16",
                            "default_network_acl_id": "acl-020649d90ac475953",
                            "default_route_table_id": "rtb-0482d2434ccf02d83",
                            "default_security_group_id": "sg-0b939b41c907c322c",
                            "dhcp_options_id": "dopt-f020608b",
                            "enable_classiclink": "false",
                            "enable_classiclink_dns_support": "false",
                            "enable_dns_hostnames": "false",
                            "enable_dns_support": "true",
                            "id": "vpc-0fbedc65175101f6f",
                            "instance_tenancy": "default",
                            "main_route_table_id": "rtb-0482d2434ccf02d83",
                            "tags.%": "1",
                            "tags.Name": "Dynamic VPC"
                        },
                        "meta": {
                            "schema_version": "1"
                        },
                        "tainted": false
                    },
                    "deposed": [],
                    "provider": "provider.aws"
                }
            },
            "depends_on": []
        }
    ]
}
